// !$*UTF8*$!
{
	archiveVersion = 1;
	classes = {
	};
	objectVersion = 77;
	objects = {

/* Begin PBXBuildFile section */
		29F5695B2E9CC86800D4B5E9 /* FirebaseAnalytics in Frameworks */ = {isa = PBXBuildFile; productRef = 29F5695A2E9CC86800D4B5E9 /* FirebaseAnalytics */; };
		29F5695D2E9CC86800D4B5E9 /* FirebaseCore in Frameworks */ = {isa = PBXBuildFile; productRef = 29F5695C2E9CC86800D4B5E9 /* FirebaseCore */; };
		29F5695F2E9CC86800D4B5E9 /* FirebaseFirestore in Frameworks */ = {isa = PBXBuildFile; productRef = 29F5695E2E9CC86800D4B5E9 /* FirebaseFirestore */; };
		29F569622E9CC87800D4B5E9 /* GoogleSignIn in Frameworks */ = {isa = PBXBuildFile; productRef = 29F569612E9CC87800D4B5E9 /* GoogleSignIn */; };
		29F569652E9CC88300D4B5E9 /* Alamofire in Frameworks */ = {isa = PBXBuildFile; productRef = 29F569642E9CC88300D4B5E9 /* Alamofire */; };
		29F569D62E9CCBAC00D4B5E9 /* FirebaseAuth in Frameworks */ = {isa = PBXBuildFile; productRef = 29F569D52E9CCBAC00D4B5E9 /* FirebaseAuth */; };
/* End PBXBuildFile section */

/* Begin PBXContainerItemProxy section */
		29F5693D2E9CC7FA00D4B5E9 /* PBXContainerItemProxy */ = {
			isa = PBXContainerItemProxy;
			containerPortal = 29F569242E9CC7F900D4B5E9 /* Project object */;
			proxyType = 1;
			remoteGlobalIDString = 29F5692B2E9CC7F900D4B5E9;
			remoteInfo = TechTive;
		};
		29F569472E9CC7FA00D4B5E9 /* PBXContainerItemProxy */ = {
			isa = PBXContainerItemProxy;
			containerPortal = 29F569242E9CC7F900D4B5E9 /* Project object */;
			proxyType = 1;
			remoteGlobalIDString = 29F5692B2E9CC7F900D4B5E9;
			remoteInfo = TechTive;
		};
/* End PBXContainerItemProxy section */

/* Begin PBXFileReference section */
		29F5692C2E9CC7F900D4B5E9 /* TechTive.app */ = {isa = PBXFileReference; explicitFileType = wrapper.application; includeInIndex = 0; path = TechTive.app; sourceTree = BUILT_PRODUCTS_DIR; };
		29F5693C2E9CC7FA00D4B5E9 /* TechTiveTests.xctest */ = {isa = PBXFileReference; explicitFileType = wrapper.cfbundle; includeInIndex = 0; path = TechTiveTests.xctest; sourceTree = BUILT_PRODUCTS_DIR; };
		29F569462E9CC7FA00D4B5E9 /* TechTiveUITests.xctest */ = {isa = PBXFileReference; explicitFileType = wrapper.cfbundle; includeInIndex = 0; path = TechTiveUITests.xctest; sourceTree = BUILT_PRODUCTS_DIR; };
/* End PBXFileReference section */

/* Begin PBXFileSystemSynchronizedBuildFileExceptionSet section */
		29F569D82E9CCC0200D4B5E9 /* Exceptions for "TechTive" folder in "TechTive" target */ = {
			isa = PBXFileSystemSynchronizedBuildFileExceptionSet;
			membershipExceptions = (
				Info.plist,
			);
			target = 29F5692B2E9CC7F900D4B5E9 /* TechTive */;
		};
/* End PBXFileSystemSynchronizedBuildFileExceptionSet section */

/* Begin PBXFileSystemSynchronizedRootGroup section */
		29F5692E2E9CC7F900D4B5E9 /* TechTive */ = {
			isa = PBXFileSystemSynchronizedRootGroup;
			exceptions = (
				29F569D82E9CCC0200D4B5E9 /* Exceptions for "TechTive" folder in "TechTive" target */,
			);
			path = TechTive;
			sourceTree = "<group>";
		};
		29F5693F2E9CC7FA00D4B5E9 /* TechTiveTests */ = {
			isa = PBXFileSystemSynchronizedRootGroup;
			path = TechTiveTests;
			sourceTree = "<group>";
		};
		29F569492E9CC7FA00D4B5E9 /* TechTiveUITests */ = {
			isa = PBXFileSystemSynchronizedRootGroup;
			path = TechTiveUITests;
			sourceTree = "<group>";
		};
/* End PBXFileSystemSynchronizedRootGroup section */

/* Begin PBXFrameworksBuildPhase section */
		29F569292E9CC7F900D4B5E9 /* Frameworks */ = {
			isa = PBXFrameworksBuildPhase;
			buildActionMask = 2147483647;
			files = (
				29F569652E9CC88300D4B5E9 /* Alamofire in Frameworks */,
				29F569D62E9CCBAC00D4B5E9 /* FirebaseAuth in Frameworks */,
				29F5695D2E9CC86800D4B5E9 /* FirebaseCore in Frameworks */,
				29F569622E9CC87800D4B5E9 /* GoogleSignIn in Frameworks */,
				29F5695B2E9CC86800D4B5E9 /* FirebaseAnalytics in Frameworks */,
				29F5695F2E9CC86800D4B5E9 /* FirebaseFirestore in Frameworks */,
			);
			runOnlyForDeploymentPostprocessing = 0;
		};
		29F569392E9CC7FA00D4B5E9 /* Frameworks */ = {
			isa = PBXFrameworksBuildPhase;
			buildActionMask = 2147483647;
			files = (
			);
			runOnlyForDeploymentPostprocessing = 0;
		};
		29F569432E9CC7FA00D4B5E9 /* Frameworks */ = {
			isa = PBXFrameworksBuildPhase;
			buildActionMask = 2147483647;
			files = (
			);
			runOnlyForDeploymentPostprocessing = 0;
		};
/* End PBXFrameworksBuildPhase section */

/* Begin PBXGroup section */
		29F569232E9CC7F900D4B5E9 = {
			isa = PBXGroup;
			children = (
				29F5692E2E9CC7F900D4B5E9 /* TechTive */,
				29F5693F2E9CC7FA00D4B5E9 /* TechTiveTests */,
				29F569492E9CC7FA00D4B5E9 /* TechTiveUITests */,
				29F5692D2E9CC7F900D4B5E9 /* Products */,
			);
			sourceTree = "<group>";
		};
		29F5692D2E9CC7F900D4B5E9 /* Products */ = {
			isa = PBXGroup;
			children = (
				29F5692C2E9CC7F900D4B5E9 /* TechTive.app */,
				29F5693C2E9CC7FA00D4B5E9 /* TechTiveTests.xctest */,
				29F569462E9CC7FA00D4B5E9 /* TechTiveUITests.xctest */,
			);
			name = Products;
			sourceTree = "<group>";
		};
/* End PBXGroup section */

/* Begin PBXNativeTarget section */
		29F5692B2E9CC7F900D4B5E9 /* TechTive */ = {
			isa = PBXNativeTarget;
			buildConfigurationList = 29F569502E9CC7FA00D4B5E9 /* Build configuration list for PBXNativeTarget "TechTive" */;
			buildPhases = (
				29F569282E9CC7F900D4B5E9 /* Sources */,
				29F569292E9CC7F900D4B5E9 /* Frameworks */,
				29F5692A2E9CC7F900D4B5E9 /* Resources */,
			);
			buildRules = (
			);
			dependencies = (
			);
			fileSystemSynchronizedGroups = (
				29F5692E2E9CC7F900D4B5E9 /* TechTive */,
			);
			name = TechTive;
			packageProductDependencies = (
				29F5695A2E9CC86800D4B5E9 /* FirebaseAnalytics */,
				29F5695C2E9CC86800D4B5E9 /* FirebaseCore */,
				29F5695E2E9CC86800D4B5E9 /* FirebaseFirestore */,
				29F569612E9CC87800D4B5E9 /* GoogleSignIn */,
				29F569642E9CC88300D4B5E9 /* Alamofire */,
				29F569D52E9CCBAC00D4B5E9 /* FirebaseAuth */,
			);
			productName = TechTive;
			productReference = 29F5692C2E9CC7F900D4B5E9 /* TechTive.app */;
			productType = "com.apple.product-type.application";
		};
		29F5693B2E9CC7FA00D4B5E9 /* TechTiveTests */ = {
			isa = PBXNativeTarget;
			buildConfigurationList = 29F569532E9CC7FA00D4B5E9 /* Build configuration list for PBXNativeTarget "TechTiveTests" */;
			buildPhases = (
				29F569382E9CC7FA00D4B5E9 /* Sources */,
				29F569392E9CC7FA00D4B5E9 /* Frameworks */,
				29F5693A2E9CC7FA00D4B5E9 /* Resources */,
			);
			buildRules = (
			);
			dependencies = (
				29F5693E2E9CC7FA00D4B5E9 /* PBXTargetDependency */,
			);
			fileSystemSynchronizedGroups = (
				29F5693F2E9CC7FA00D4B5E9 /* TechTiveTests */,
			);
			name = TechTiveTests;
			packageProductDependencies = (
			);
			productName = TechTiveTests;
			productReference = 29F5693C2E9CC7FA00D4B5E9 /* TechTiveTests.xctest */;
			productType = "com.apple.product-type.bundle.unit-test";
		};
		29F569452E9CC7FA00D4B5E9 /* TechTiveUITests */ = {
			isa = PBXNativeTarget;
			buildConfigurationList = 29F569562E9CC7FA00D4B5E9 /* Build configuration list for PBXNativeTarget "TechTiveUITests" */;
			buildPhases = (
				29F569422E9CC7FA00D4B5E9 /* Sources */,
				29F569432E9CC7FA00D4B5E9 /* Frameworks */,
				29F569442E9CC7FA00D4B5E9 /* Resources */,
			);
			buildRules = (
			);
			dependencies = (
				29F569482E9CC7FA00D4B5E9 /* PBXTargetDependency */,
			);
			fileSystemSynchronizedGroups = (
				29F569492E9CC7FA00D4B5E9 /* TechTiveUITests */,
			);
			name = TechTiveUITests;
			packageProductDependencies = (
			);
			productName = TechTiveUITests;
			productReference = 29F569462E9CC7FA00D4B5E9 /* TechTiveUITests.xctest */;
			productType = "com.apple.product-type.bundle.ui-testing";
		};
/* End PBXNativeTarget section */

/* Begin PBXProject section */
		29F569242E9CC7F900D4B5E9 /* Project object */ = {
			isa = PBXProject;
			attributes = {
				BuildIndependentTargetsInParallel = 1;
				LastSwiftUpdateCheck = 1620;
				LastUpgradeCheck = 1620;
				TargetAttributes = {
					29F5692B2E9CC7F900D4B5E9 = {
						CreatedOnToolsVersion = 16.2;
					};
					29F5693B2E9CC7FA00D4B5E9 = {
						CreatedOnToolsVersion = 16.2;
						TestTargetID = 29F5692B2E9CC7F900D4B5E9;
					};
					29F569452E9CC7FA00D4B5E9 = {
						CreatedOnToolsVersion = 16.2;
						TestTargetID = 29F5692B2E9CC7F900D4B5E9;
					};
				};
			};
			buildConfigurationList = 29F569272E9CC7F900D4B5E9 /* Build configuration list for PBXProject "TechTive" */;
			developmentRegion = en;
			hasScannedForEncodings = 0;
			knownRegions = (
				en,
				Base,
			);
			mainGroup = 29F569232E9CC7F900D4B5E9;
			minimizedProjectReferenceProxies = 1;
			packageReferences = (
				29F569592E9CC86800D4B5E9 /* XCRemoteSwiftPackageReference "firebase-ios-sdk" */,
				29F569602E9CC87800D4B5E9 /* XCRemoteSwiftPackageReference "GoogleSignIn-iOS" */,
				29F569632E9CC88300D4B5E9 /* XCRemoteSwiftPackageReference "Alamofire" */,
			);
			preferredProjectObjectVersion = 77;
			productRefGroup = 29F5692D2E9CC7F900D4B5E9 /* Products */;
			projectDirPath = "";
			projectRoot = "";
			targets = (
				29F5692B2E9CC7F900D4B5E9 /* TechTive */,
				29F5693B2E9CC7FA00D4B5E9 /* TechTiveTests */,
				29F569452E9CC7FA00D4B5E9 /* TechTiveUITests */,
			);
		};
/* End PBXProject section */

/* Begin PBXResourcesBuildPhase section */
		29F5692A2E9CC7F900D4B5E9 /* Resources */ = {
			isa = PBXResourcesBuildPhase;
			buildActionMask = 2147483647;
			files = (
			);
			runOnlyForDeploymentPostprocessing = 0;
		};
		29F5693A2E9CC7FA00D4B5E9 /* Resources */ = {
			isa = PBXResourcesBuildPhase;
			buildActionMask = 2147483647;
			files = (
			);
			runOnlyForDeploymentPostprocessing = 0;
		};
		29F569442E9CC7FA00D4B5E9 /* Resources */ = {
			isa = PBXResourcesBuildPhase;
			buildActionMask = 2147483647;
			files = (
			);
			runOnlyForDeploymentPostprocessing = 0;
		};
/* End PBXResourcesBuildPhase section */

/* Begin PBXSourcesBuildPhase section */
		29F569282E9CC7F900D4B5E9 /* Sources */ = {
			isa = PBXSourcesBuildPhase;
			buildActionMask = 2147483647;
			files = (
			);
			runOnlyForDeploymentPostprocessing = 0;
		};
		29F569382E9CC7FA00D4B5E9 /* Sources */ = {
			isa = PBXSourcesBuildPhase;
			buildActionMask = 2147483647;
			files = (
			);
			runOnlyForDeploymentPostprocessing = 0;
		};
		29F569422E9CC7FA00D4B5E9 /* Sources */ = {
			isa = PBXSourcesBuildPhase;
			buildActionMask = 2147483647;
			files = (
			);
			runOnlyForDeploymentPostprocessing = 0;
		};
/* End PBXSourcesBuildPhase section */

/* Begin PBXTargetDependency section */
		29F5693E2E9CC7FA00D4B5E9 /* PBXTargetDependency */ = {
			isa = PBXTargetDependency;
			target = 29F5692B2E9CC7F900D4B5E9 /* TechTive */;
			targetProxy = 29F5693D2E9CC7FA00D4B5E9 /* PBXContainerItemProxy */;
		};
		29F569482E9CC7FA00D4B5E9 /* PBXTargetDependency */ = {
			isa = PBXTargetDependency;
			target = 29F5692B2E9CC7F900D4B5E9 /* TechTive */;
			targetProxy = 29F569472E9CC7FA00D4B5E9 /* PBXContainerItemProxy */;
		};
/* End PBXTargetDependency section */

/* Begin XCBuildConfiguration section */
		29F5694E2E9CC7FA00D4B5E9 /* Debug */ = {
			isa = XCBuildConfiguration;
			buildSettings = {
				ALWAYS_SEARCH_USER_PATHS = NO;
				ASSETCATALOG_COMPILER_GENERATE_SWIFT_ASSET_SYMBOL_EXTENSIONS = YES;
				CLANG_ANALYZER_NONNULL = YES;
				CLANG_ANALYZER_NUMBER_OBJECT_CONVERSION = YES_AGGRESSIVE;
				CLANG_CXX_LANGUAGE_STANDARD = "gnu++20";
				CLANG_ENABLE_MODULES = YES;
				CLANG_ENABLE_OBJC_ARC = YES;
				CLANG_ENABLE_OBJC_WEAK = YES;
				CLANG_WARN_BLOCK_CAPTURE_AUTORELEASING = YES;
				CLANG_WARN_BOOL_CONVERSION = YES;
				CLANG_WARN_COMMA = YES;
				CLANG_WARN_CONSTANT_CONVERSION = YES;
				CLANG_WARN_DEPRECATED_OBJC_IMPLEMENTATIONS = YES;
				CLANG_WARN_DIRECT_OBJC_ISA_USAGE = YES_ERROR;
				CLANG_WARN_DOCUMENTATION_COMMENTS = YES;
				CLANG_WARN_EMPTY_BODY = YES;
				CLANG_WARN_ENUM_CONVERSION = YES;
				CLANG_WARN_INFINITE_RECURSION = YES;
				CLANG_WARN_INT_CONVERSION = YES;
				CLANG_WARN_NON_LITERAL_NULL_CONVERSION = YES;
				CLANG_WARN_OBJC_IMPLICIT_RETAIN_SELF = YES;
				CLANG_WARN_OBJC_LITERAL_CONVERSION = YES;
				CLANG_WARN_OBJC_ROOT_CLASS = YES_ERROR;
				CLANG_WARN_QUOTED_INCLUDE_IN_FRAMEWORK_HEADER = YES;
				CLANG_WARN_RANGE_LOOP_ANALYSIS = YES;
				CLANG_WARN_STRICT_PROTOTYPES = YES;
				CLANG_WARN_SUSPICIOUS_MOVE = YES;
				CLANG_WARN_UNGUARDED_AVAILABILITY = YES_AGGRESSIVE;
				CLANG_WARN_UNREACHABLE_CODE = YES;
				CLANG_WARN__DUPLICATE_METHOD_MATCH = YES;
				COPY_PHASE_STRIP = NO;
				DEBUG_INFORMATION_FORMAT = dwarf;
				ENABLE_STRICT_OBJC_MSGSEND = YES;
				ENABLE_TESTABILITY = YES;
				ENABLE_USER_SCRIPT_SANDBOXING = YES;
				GCC_C_LANGUAGE_STANDARD = gnu17;
				GCC_DYNAMIC_NO_PIC = NO;
				GCC_NO_COMMON_BLOCKS = YES;
				GCC_OPTIMIZATION_LEVEL = 0;
				GCC_PREPROCESSOR_DEFINITIONS = (
					"DEBUG=1",
					"$(inherited)",
				);
				GCC_WARN_64_TO_32_BIT_CONVERSION = YES;
				GCC_WARN_ABOUT_RETURN_TYPE = YES_ERROR;
				GCC_WARN_UNDECLARED_SELECTOR = YES;
				GCC_WARN_UNINITIALIZED_AUTOS = YES_AGGRESSIVE;
				GCC_WARN_UNUSED_FUNCTION = YES;
				GCC_WARN_UNUSED_VARIABLE = YES;
				IPHONEOS_DEPLOYMENT_TARGET = 18.2;
				LOCALIZATION_PREFERS_STRING_CATALOGS = YES;
				MTL_ENABLE_DEBUG_INFO = INCLUDE_SOURCE;
				MTL_FAST_MATH = YES;
				ONLY_ACTIVE_ARCH = YES;
				SDKROOT = iphoneos;
				SWIFT_ACTIVE_COMPILATION_CONDITIONS = "DEBUG $(inherited)";
				SWIFT_OPTIMIZATION_LEVEL = "-Onone";
			};
			name = Debug;
		};
		29F5694F2E9CC7FA00D4B5E9 /* Release */ = {
			isa = XCBuildConfiguration;
			buildSettings = {
				ALWAYS_SEARCH_USER_PATHS = NO;
				ASSETCATALOG_COMPILER_GENERATE_SWIFT_ASSET_SYMBOL_EXTENSIONS = YES;
				CLANG_ANALYZER_NONNULL = YES;
				CLANG_ANALYZER_NUMBER_OBJECT_CONVERSION = YES_AGGRESSIVE;
				CLANG_CXX_LANGUAGE_STANDARD = "gnu++20";
				CLANG_ENABLE_MODULES = YES;
				CLANG_ENABLE_OBJC_ARC = YES;
				CLANG_ENABLE_OBJC_WEAK = YES;
				CLANG_WARN_BLOCK_CAPTURE_AUTORELEASING = YES;
				CLANG_WARN_BOOL_CONVERSION = YES;
				CLANG_WARN_COMMA = YES;
				CLANG_WARN_CONSTANT_CONVERSION = YES;
				CLANG_WARN_DEPRECATED_OBJC_IMPLEMENTATIONS = YES;
				CLANG_WARN_DIRECT_OBJC_ISA_USAGE = YES_ERROR;
				CLANG_WARN_DOCUMENTATION_COMMENTS = YES;
				CLANG_WARN_EMPTY_BODY = YES;
				CLANG_WARN_ENUM_CONVERSION = YES;
				CLANG_WARN_INFINITE_RECURSION = YES;
				CLANG_WARN_INT_CONVERSION = YES;
				CLANG_WARN_NON_LITERAL_NULL_CONVERSION = YES;
				CLANG_WARN_OBJC_IMPLICIT_RETAIN_SELF = YES;
				CLANG_WARN_OBJC_LITERAL_CONVERSION = YES;
				CLANG_WARN_OBJC_ROOT_CLASS = YES_ERROR;
				CLANG_WARN_QUOTED_INCLUDE_IN_FRAMEWORK_HEADER = YES;
				CLANG_WARN_RANGE_LOOP_ANALYSIS = YES;
				CLANG_WARN_STRICT_PROTOTYPES = YES;
				CLANG_WARN_SUSPICIOUS_MOVE = YES;
				CLANG_WARN_UNGUARDED_AVAILABILITY = YES_AGGRESSIVE;
				CLANG_WARN_UNREACHABLE_CODE = YES;
				CLANG_WARN__DUPLICATE_METHOD_MATCH = YES;
				COPY_PHASE_STRIP = NO;
				DEBUG_INFORMATION_FORMAT = "dwarf-with-dsym";
				ENABLE_NS_ASSERTIONS = NO;
				ENABLE_STRICT_OBJC_MSGSEND = YES;
				ENABLE_USER_SCRIPT_SANDBOXING = YES;
				GCC_C_LANGUAGE_STANDARD = gnu17;
				GCC_NO_COMMON_BLOCKS = YES;
				GCC_WARN_64_TO_32_BIT_CONVERSION = YES;
				GCC_WARN_ABOUT_RETURN_TYPE = YES_ERROR;
				GCC_WARN_UNDECLARED_SELECTOR = YES;
				GCC_WARN_UNINITIALIZED_AUTOS = YES_AGGRESSIVE;
				GCC_WARN_UNUSED_FUNCTION = YES;
				GCC_WARN_UNUSED_VARIABLE = YES;
				IPHONEOS_DEPLOYMENT_TARGET = 18.2;
				LOCALIZATION_PREFERS_STRING_CATALOGS = YES;
				MTL_ENABLE_DEBUG_INFO = NO;
				MTL_FAST_MATH = YES;
				SDKROOT = iphoneos;
				SWIFT_COMPILATION_MODE = wholemodule;
				VALIDATE_PRODUCT = YES;
			};
			name = Release;
		};
		29F569512E9CC7FA00D4B5E9 /* Debug */ = {
			isa = XCBuildConfiguration;
			buildSettings = {
				ASSETCATALOG_COMPILER_APPICON_NAME = AppIcon;
				ASSETCATALOG_COMPILER_GLOBAL_ACCENT_COLOR_NAME = AccentColor;
				CODE_SIGN_STYLE = Automatic;
				CURRENT_PROJECT_VERSION = 7;
				DEVELOPMENT_ASSET_PATHS = "\"TechTive/Resources/Preview Content\"";
				DEVELOPMENT_TEAM = WYL556DMZP;
				ENABLE_PREVIEWS = YES;
				GENERATE_INFOPLIST_FILE = YES;
				INFOPLIST_FILE = TechTive/Info.plist;
				INFOPLIST_KEY_CFBundleDisplayName = TechTive;
				INFOPLIST_KEY_UIApplicationSceneManifest_Generation = YES;
				INFOPLIST_KEY_UIApplicationSupportsIndirectInputEvents = YES;
				INFOPLIST_KEY_UILaunchScreen_Generation = YES;
				INFOPLIST_KEY_UISupportedInterfaceOrientations_iPad = "UIInterfaceOrientationPortrait UIInterfaceOrientationPortraitUpsideDown UIInterfaceOrientationLandscapeLeft UIInterfaceOrientationLandscapeRight";
				INFOPLIST_KEY_UISupportedInterfaceOrientations_iPhone = "UIInterfaceOrientationPortrait UIInterfaceOrientationLandscapeLeft UIInterfaceOrientationLandscapeRight";
				INFOPLIST_KEY_UIUserInterfaceStyle = Light;
				LD_RUNPATH_SEARCH_PATHS = (
					"$(inherited)",
					"@executable_path/Frameworks",
				);
				MARKETING_VERSION = 2.2.1;
				PRODUCT_BUNDLE_IDENTIFIER = com.jiwonjeong414.TechTive;
				PRODUCT_NAME = "$(TARGET_NAME)";
				SUPPORTED_PLATFORMS = "iphoneos iphonesimulator";
				SUPPORTS_MACCATALYST = NO;
				SUPPORTS_MAC_DESIGNED_FOR_IPHONE_IPAD = NO;
				SUPPORTS_XR_DESIGNED_FOR_IPHONE_IPAD = NO;
				SWIFT_EMIT_LOC_STRINGS = YES;
				SWIFT_VERSION = 5.0;
				TARGETED_DEVICE_FAMILY = 1;
			};
			name = Debug;
		};
		29F569522E9CC7FA00D4B5E9 /* Release */ = {
			isa = XCBuildConfiguration;
			buildSettings = {
				ASSETCATALOG_COMPILER_APPICON_NAME = AppIcon;
				ASSETCATALOG_COMPILER_GLOBAL_ACCENT_COLOR_NAME = AccentColor;
				CODE_SIGN_STYLE = Automatic;
				CURRENT_PROJECT_VERSION = 7;
				DEVELOPMENT_ASSET_PATHS = "\"TechTive/Resources/Preview Content\"";
				DEVELOPMENT_TEAM = WYL556DMZP;
				ENABLE_PREVIEWS = YES;
				GENERATE_INFOPLIST_FILE = YES;
				INFOPLIST_FILE = TechTive/Info.plist;
				INFOPLIST_KEY_CFBundleDisplayName = TechTive;
				INFOPLIST_KEY_UIApplicationSceneManifest_Generation = YES;
				INFOPLIST_KEY_UIApplicationSupportsIndirectInputEvents = YES;
				INFOPLIST_KEY_UILaunchScreen_Generation = YES;
				INFOPLIST_KEY_UISupportedInterfaceOrientations_iPad = "UIInterfaceOrientationPortrait UIInterfaceOrientationPortraitUpsideDown UIInterfaceOrientationLandscapeLeft UIInterfaceOrientationLandscapeRight";
				INFOPLIST_KEY_UISupportedInterfaceOrientations_iPhone = "UIInterfaceOrientationPortrait UIInterfaceOrientationLandscapeLeft UIInterfaceOrientationLandscapeRight";
				INFOPLIST_KEY_UIUserInterfaceStyle = Light;
				LD_RUNPATH_SEARCH_PATHS = (
					"$(inherited)",
					"@executable_path/Frameworks",
				);
				MARKETING_VERSION = 2.2.1;
				PRODUCT_BUNDLE_IDENTIFIER = com.jiwonjeong414.TechTive;
				PRODUCT_NAME = "$(TARGET_NAME)";
				SUPPORTED_PLATFORMS = "iphoneos iphonesimulator";
				SUPPORTS_MACCATALYST = NO;
				SUPPORTS_MAC_DESIGNED_FOR_IPHONE_IPAD = NO;
				SUPPORTS_XR_DESIGNED_FOR_IPHONE_IPAD = NO;
				SWIFT_EMIT_LOC_STRINGS = YES;
				SWIFT_VERSION = 5.0;
				TARGETED_DEVICE_FAMILY = 1;
			};
			name = Release;
		};
		29F569542E9CC7FA00D4B5E9 /* Debug */ = {
			isa = XCBuildConfiguration;
			buildSettings = {
				BUNDLE_LOADER = "$(TEST_HOST)";
				CODE_SIGN_STYLE = Automatic;
				CURRENT_PROJECT_VERSION = 1;
				DEVELOPMENT_TEAM = WYL556DMZP;
				GENERATE_INFOPLIST_FILE = YES;
				IPHONEOS_DEPLOYMENT_TARGET = 18.2;
				MARKETING_VERSION = 1.0;
				PRODUCT_BUNDLE_IDENTIFIER = jiwonjeong414.TechTiveTests;
				PRODUCT_NAME = "$(TARGET_NAME)";
				SWIFT_EMIT_LOC_STRINGS = NO;
				SWIFT_VERSION = 5.0;
				TARGETED_DEVICE_FAMILY = "1,2";
				TEST_HOST = "$(BUILT_PRODUCTS_DIR)/TechTive.app/$(BUNDLE_EXECUTABLE_FOLDER_PATH)/TechTive";
			};
			name = Debug;
		};
		29F569552E9CC7FA00D4B5E9 /* Release */ = {
			isa = XCBuildConfiguration;
			buildSettings = {
				BUNDLE_LOADER = "$(TEST_HOST)";
				CODE_SIGN_STYLE = Automatic;
				CURRENT_PROJECT_VERSION = 1;
				DEVELOPMENT_TEAM = WYL556DMZP;
				GENERATE_INFOPLIST_FILE = YES;
				IPHONEOS_DEPLOYMENT_TARGET = 18.2;
				MARKETING_VERSION = 1.0;
				PRODUCT_BUNDLE_IDENTIFIER = jiwonjeong414.TechTiveTests;
				PRODUCT_NAME = "$(TARGET_NAME)";
				SWIFT_EMIT_LOC_STRINGS = NO;
				SWIFT_VERSION = 5.0;
				TARGETED_DEVICE_FAMILY = "1,2";
				TEST_HOST = "$(BUILT_PRODUCTS_DIR)/TechTive.app/$(BUNDLE_EXECUTABLE_FOLDER_PATH)/TechTive";
			};
			name = Release;
		};
		29F569572E9CC7FA00D4B5E9 /* Debug */ = {
			isa = XCBuildConfiguration;
			buildSettings = {
				CODE_SIGN_STYLE = Automatic;
				CURRENT_PROJECT_VERSION = 1;
				DEVELOPMENT_TEAM = WYL556DMZP;
				GENERATE_INFOPLIST_FILE = YES;
				MARKETING_VERSION = 1.0;
				PRODUCT_BUNDLE_IDENTIFIER = jiwonjeong414.TechTiveUITests;
				PRODUCT_NAME = "$(TARGET_NAME)";
				SWIFT_EMIT_LOC_STRINGS = NO;
				SWIFT_VERSION = 5.0;
				TARGETED_DEVICE_FAMILY = "1,2";
				TEST_TARGET_NAME = TechTive;
			};
			name = Debug;
		};
		29F569582E9CC7FA00D4B5E9 /* Release */ = {
			isa = XCBuildConfiguration;
			buildSettings = {
				CODE_SIGN_STYLE = Automatic;
				CURRENT_PROJECT_VERSION = 1;
				DEVELOPMENT_TEAM = WYL556DMZP;
				GENERATE_INFOPLIST_FILE = YES;
				MARKETING_VERSION = 1.0;
				PRODUCT_BUNDLE_IDENTIFIER = jiwonjeong414.TechTiveUITests;
				PRODUCT_NAME = "$(TARGET_NAME)";
				SWIFT_EMIT_LOC_STRINGS = NO;
				SWIFT_VERSION = 5.0;
				TARGETED_DEVICE_FAMILY = "1,2";
				TEST_TARGET_NAME = TechTive;
			};
			name = Release;
		};
/* End XCBuildConfiguration section */

/* Begin XCConfigurationList section */
		29F569272E9CC7F900D4B5E9 /* Build configuration list for PBXProject "TechTive" */ = {
			isa = XCConfigurationList;
			buildConfigurations = (
				29F5694E2E9CC7FA00D4B5E9 /* Debug */,
				29F5694F2E9CC7FA00D4B5E9 /* Release */,
			);
			defaultConfigurationIsVisible = 0;
			defaultConfigurationName = Release;
		};
		29F569502E9CC7FA00D4B5E9 /* Build configuration list for PBXNativeTarget "TechTive" */ = {
			isa = XCConfigurationList;
			buildConfigurations = (
				29F569512E9CC7FA00D4B5E9 /* Debug */,
				29F569522E9CC7FA00D4B5E9 /* Release */,
			);
			defaultConfigurationIsVisible = 0;
			defaultConfigurationName = Release;
		};
		29F569532E9CC7FA00D4B5E9 /* Build configuration list for PBXNativeTarget "TechTiveTests" */ = {
			isa = XCConfigurationList;
			buildConfigurations = (
				29F569542E9CC7FA00D4B5E9 /* Debug */,
				29F569552E9CC7FA00D4B5E9 /* Release */,
			);
			defaultConfigurationIsVisible = 0;
			defaultConfigurationName = Release;
		};
		29F569562E9CC7FA00D4B5E9 /* Build configuration list for PBXNativeTarget "TechTiveUITests" */ = {
			isa = XCConfigurationList;
			buildConfigurations = (
				29F569572E9CC7FA00D4B5E9 /* Debug */,
				29F569582E9CC7FA00D4B5E9 /* Release */,
			);
			defaultConfigurationIsVisible = 0;
			defaultConfigurationName = Release;
		};
/* End XCConfigurationList section */

/* Begin XCRemoteSwiftPackageReference section */
		29F569592E9CC86800D4B5E9 /* XCRemoteSwiftPackageReference "firebase-ios-sdk" */ = {
			isa = XCRemoteSwiftPackageReference;
			repositoryURL = "https://github.com/firebase/firebase-ios-sdk";
			requirement = {
				kind = upToNextMajorVersion;
				minimumVersion = 12.4.0;
			};
		};
		29F569602E9CC87800D4B5E9 /* XCRemoteSwiftPackageReference "GoogleSignIn-iOS" */ = {
			isa = XCRemoteSwiftPackageReference;
			repositoryURL = "https://github.com/google/GoogleSignIn-iOS.git";
			requirement = {
				kind = upToNextMajorVersion;
				minimumVersion = 9.0.0;
			};
		};
		29F569632E9CC88300D4B5E9 /* XCRemoteSwiftPackageReference "Alamofire" */ = {
			isa = XCRemoteSwiftPackageReference;
			repositoryURL = "https://github.com/Alamofire/Alamofire.git";
			requirement = {
				kind = upToNextMajorVersion;
				minimumVersion = 5.10.2;
			};
		};
/* End XCRemoteSwiftPackageReference section */

/* Begin XCSwiftPackageProductDependency section */
		29F5695A2E9CC86800D4B5E9 /* FirebaseAnalytics */ = {
			isa = XCSwiftPackageProductDependency;
			package = 29F569592E9CC86800D4B5E9 /* XCRemoteSwiftPackageReference "firebase-ios-sdk" */;
			productName = FirebaseAnalytics;
		};
		29F5695C2E9CC86800D4B5E9 /* FirebaseCore */ = {
			isa = XCSwiftPackageProductDependency;
			package = 29F569592E9CC86800D4B5E9 /* XCRemoteSwiftPackageReference "firebase-ios-sdk" */;
			productName = FirebaseCore;
		};
		29F5695E2E9CC86800D4B5E9 /* FirebaseFirestore */ = {
			isa = XCSwiftPackageProductDependency;
			package = 29F569592E9CC86800D4B5E9 /* XCRemoteSwiftPackageReference "firebase-ios-sdk" */;
			productName = FirebaseFirestore;
		};
		29F569612E9CC87800D4B5E9 /* GoogleSignIn */ = {
			isa = XCSwiftPackageProductDependency;
			package = 29F569602E9CC87800D4B5E9 /* XCRemoteSwiftPackageReference "GoogleSignIn-iOS" */;
			productName = GoogleSignIn;
		};
		29F569642E9CC88300D4B5E9 /* Alamofire */ = {
			isa = XCSwiftPackageProductDependency;
			package = 29F569632E9CC88300D4B5E9 /* XCRemoteSwiftPackageReference "Alamofire" */;
			productName = Alamofire;
		};
		29F569D52E9CCBAC00D4B5E9 /* FirebaseAuth */ = {
			isa = XCSwiftPackageProductDependency;
			package = 29F569592E9CC86800D4B5E9 /* XCRemoteSwiftPackageReference "firebase-ios-sdk" */;
			productName = FirebaseAuth;
		};
/* End XCSwiftPackageProductDependency section */
	};
	rootObject = 29F569242E9CC7F900D4B5E9 /* Project object */;
}
